{
  "name": "713-backend-day-6",
  "version": "1.0.0",
  "lockfileVersion": 3,
  "requires": true,
  "packages": {
    "": {
      "name": "713-backend-day-6",
      "version": "1.0.0",
      "license": "ISC",
      "dependencies": {
        "713-backend-day-6": "file:"
      }
    },
    "node_modules/713-backend-day-6": {
      "resolved": "",
      "link": true
    }
  }
}
